
Microsoft Visual Studio Solution File, Format Version 12.00
# Visual Studio Version 17
VisualStudioVersion = 17.2.32616.157
MinimumVisualStudioVersion = 10.0.40219.1
Project("{FAE04EC0-301F-11D3-BF4B-00C04F79EFBC}") = "CodeWarsSolutions", "CodeWarsSolutions\CodeWarsSolutions.csproj", "{F242D53E-E610-4F5B-9CF6-C41E71AC6D36}"
EndProject
Project("{FAE04EC0-301F-11D3-BF4B-00C04F79EFBC}") = "CodeWarsTests", "CodeWarsTests\CodeWarsTests.csproj", "{86E0020F-5976-44ED-9213-AAFD6FEB9BB7}"
EndProject
Global
	GlobalSection(SolutionConfigurationPlatforms) = preSolution
		Debug|Any CPU = Debug|Any CPU
		Release|Any CPU = Release|Any CPU
	EndGlobalSection
	GlobalSection(ProjectConfigurationPlatforms) = postSolution
		{F242D53E-E610-4F5B-9CF6-C41E71AC6D36}.Debug|Any CPU.ActiveCfg = Debug|Any CPU
		{F242D53E-E610-4F5B-9CF6-C41E71AC6D36}.Debug|Any CPU.Build.0 = Debug|Any CPU
		{F242D53E-E610-4F5B-9CF6-C41E71AC6D36}.Release|Any CPU.ActiveCfg = Release|Any CPU
		{F242D53E-E610-4F5B-9CF6-C41E71AC6D36}.Release|Any CPU.Build.0 = Release|Any CPU
		{86E0020F-5976-44ED-9213-AAFD6FEB9BB7}.Debug|Any CPU.ActiveCfg = Debug|Any CPU
		{86E0020F-5976-44ED-9213-AAFD6FEB9BB7}.Debug|Any CPU.Build.0 = Debug|Any CPU
		{86E0020F-5976-44ED-9213-AAFD6FEB9BB7}.Release|Any CPU.ActiveCfg = Release|Any CPU
		{86E0020F-5976-44ED-9213-AAFD6FEB9BB7}.Release|Any CPU.Build.0 = Release|Any CPU
	EndGlobalSection
	GlobalSection(SolutionProperties) = preSolution
		HideSolutionNode = FALSE
	EndGlobalSection
	GlobalSection(ExtensibilityGlobals) = postSolution
		SolutionGuid = {C1A40E1F-3397-407B-ACDC-C7DB99F7A048}
	EndGlobalSection
EndGlobal
